github.com/adityatelange/hugo-PaperMod v0.0.0-20220903105945-3a0a4811cbc0 h1:jOgM4X1Y/Uxg7ncBtucLpnneEg+6yUK+jAKS3HUQYZk=
github.com/adityatelange/hugo-PaperMod v0.0.0-20220903105945-3a0a4811cbc0/go.mod h1:HCHxNMKYdGafUYjVV3ICiAqznZK2yH0iI53jqcDFDdQ=
github.com/opera7133/Blonde v0.0.0-20220906124421-18d020406d77 h1:BJFvFndxnb/byv/ja+SsEaBbUE3U7I8Tm6zZojzs2IE=
github.com/opera7133/Blonde v0.0.0-20220906124421-18d020406d77/go.mod h1:b3YtD5mSb0xLTVGYHJCCBPyc1g3VLyrov7tWXeZsI14=
